
Microsoft Visual Studio Solution File, Format Version 12.00
# Visual Studio Version 16
VisualStudioVersion = 16.0.29709.97
MinimumVisualStudioVersion = 10.0.40219.1
Project("{FAE04EC0-301F-11D3-BF4B-00C04F79EFBC}") = "programacionII_estadistica", "programacionII_estadistica.csproj", "{EEEB49D9-3413-49DD-BFDF-8DFFCBF413C4}"
EndProject
Global
	GlobalSection(SolutionConfigurationPlatforms) = preSolution
		Debug|Any CPU = Debug|Any CPU
		Release|Any CPU = Release|Any CPU
	EndGlobalSection
	GlobalSection(ProjectConfigurationPlatforms) = postSolution
		{EEEB49D9-3413-49DD-BFDF-8DFFCBF413C4}.Debug|Any CPU.ActiveCfg = Debug|Any CPU
		{EEEB49D9-3413-49DD-BFDF-8DFFCBF413C4}.Debug|Any CPU.Build.0 = Debug|Any CPU
		{EEEB49D9-3413-49DD-BFDF-8DFFCBF413C4}.Release|Any CPU.ActiveCfg = Release|Any CPU
		{EEEB49D9-3413-49DD-BFDF-8DFFCBF413C4}.Release|Any CPU.Build.0 = Release|Any CPU
	EndGlobalSection
	GlobalSection(SolutionProperties) = preSolution
		HideSolutionNode = FALSE
	EndGlobalSection
	GlobalSection(ExtensibilityGlobals) = postSolution
		SolutionGuid = {473E9674-0419-43A2-BFA2-FE3204BC574E}
	EndGlobalSection
EndGlobal
